
Microsoft Visual Studio Solution File, Format Version 12.00
# Visual Studio Version 17
VisualStudioVersion = 17.6.33712.159
MinimumVisualStudioVersion = 10.0.40219.1
Project("{FAE04EC0-301F-11D3-BF4B-00C04F79EFBC}") = "PD02", "PD02\PD02.csproj", "{A61858A1-7923-4993-A9F0-3464C0E1368A}"
EndProject
Global
	GlobalSection(SolutionConfigurationPlatforms) = preSolution
		Debug|Any CPU = Debug|Any CPU
		Release|Any CPU = Release|Any CPU
	EndGlobalSection
	GlobalSection(ProjectConfigurationPlatforms) = postSolution
		{A61858A1-7923-4993-A9F0-3464C0E1368A}.Debug|Any CPU.ActiveCfg = Debug|Any CPU
		{A61858A1-7923-4993-A9F0-3464C0E1368A}.Debug|Any CPU.Build.0 = Debug|Any CPU
		{A61858A1-7923-4993-A9F0-3464C0E1368A}.Release|Any CPU.ActiveCfg = Release|Any CPU
		{A61858A1-7923-4993-A9F0-3464C0E1368A}.Release|Any CPU.Build.0 = Release|Any CPU
	EndGlobalSection
	GlobalSection(SolutionProperties) = preSolution
		HideSolutionNode = FALSE
	EndGlobalSection
	GlobalSection(ExtensibilityGlobals) = postSolution
		SolutionGuid = {43A893F3-AF20-41D6-8673-1ACB71FD938E}
	EndGlobalSection
EndGlobal
