
Microsoft Visual Studio Solution File, Format Version 12.00
# Visual Studio Version 17
VisualStudioVersion = 17.6.33815.320
MinimumVisualStudioVersion = 10.0.40219.1
Project("{FAE04EC0-301F-11D3-BF4B-00C04F79EFBC}") = "Application GUI", "Application GUI.csproj", "{751D1F76-C7D5-4223-9B7E-7C26187C38DF}"
EndProject
Global
	GlobalSection(SolutionConfigurationPlatforms) = preSolution
		Debug|Any CPU = Debug|Any CPU
		Release|Any CPU = Release|Any CPU
	EndGlobalSection
	GlobalSection(ProjectConfigurationPlatforms) = postSolution
		{751D1F76-C7D5-4223-9B7E-7C26187C38DF}.Debug|Any CPU.ActiveCfg = Debug|Any CPU
		{751D1F76-C7D5-4223-9B7E-7C26187C38DF}.Debug|Any CPU.Build.0 = Debug|Any CPU
		{751D1F76-C7D5-4223-9B7E-7C26187C38DF}.Release|Any CPU.ActiveCfg = Release|Any CPU
		{751D1F76-C7D5-4223-9B7E-7C26187C38DF}.Release|Any CPU.Build.0 = Release|Any CPU
	EndGlobalSection
	GlobalSection(SolutionProperties) = preSolution
		HideSolutionNode = FALSE
	EndGlobalSection
	GlobalSection(ExtensibilityGlobals) = postSolution
		SolutionGuid = {C588A5EA-89A0-4DC3-BA8B-28CC5C484907}
	EndGlobalSection
EndGlobal
