
Microsoft Visual Studio Solution File, Format Version 12.00
# Visual Studio Version 17
VisualStudioVersion = 17.6.33712.159
MinimumVisualStudioVersion = 10.0.40219.1
Project("{FAE04EC0-301F-11D3-BF4B-00C04F79EFBC}") = "Test111", "Test111\Test111.csproj", "{BF5ED787-614E-4C19-8AA5-A6C2DA1ED10B}"
EndProject
Global
	GlobalSection(SolutionConfigurationPlatforms) = preSolution
		Debug|Any CPU = Debug|Any CPU
		Release|Any CPU = Release|Any CPU
	EndGlobalSection
	GlobalSection(ProjectConfigurationPlatforms) = postSolution
		{BF5ED787-614E-4C19-8AA5-A6C2DA1ED10B}.Debug|Any CPU.ActiveCfg = Debug|Any CPU
		{BF5ED787-614E-4C19-8AA5-A6C2DA1ED10B}.Debug|Any CPU.Build.0 = Debug|Any CPU
		{BF5ED787-614E-4C19-8AA5-A6C2DA1ED10B}.Release|Any CPU.ActiveCfg = Release|Any CPU
		{BF5ED787-614E-4C19-8AA5-A6C2DA1ED10B}.Release|Any CPU.Build.0 = Release|Any CPU
	EndGlobalSection
	GlobalSection(SolutionProperties) = preSolution
		HideSolutionNode = FALSE
	EndGlobalSection
	GlobalSection(ExtensibilityGlobals) = postSolution
		SolutionGuid = {16659487-5B83-40C6-A0DE-6EBE8000E96B}
	EndGlobalSection
EndGlobal
